
Microsoft Visual Studio Solution File, Format Version 12.00
Project("{FAE04EC0-301F-11D3-BF4B-00C04F79EFBC}") = "vending-machine", "vending-machine\vending-machine.csproj", "{D21DD04F-8A72-464C-8BEC-EF5A8F3F53CF}"
EndProject
Global
	GlobalSection(SolutionConfigurationPlatforms) = preSolution
		Debug|Any CPU = Debug|Any CPU
		Release|Any CPU = Release|Any CPU
	EndGlobalSection
	GlobalSection(ProjectConfigurationPlatforms) = postSolution
		{D21DD04F-8A72-464C-8BEC-EF5A8F3F53CF}.Debug|Any CPU.ActiveCfg = Debug|Any CPU
		{D21DD04F-8A72-464C-8BEC-EF5A8F3F53CF}.Debug|Any CPU.Build.0 = Debug|Any CPU
		{D21DD04F-8A72-464C-8BEC-EF5A8F3F53CF}.Release|Any CPU.ActiveCfg = Release|Any CPU
		{D21DD04F-8A72-464C-8BEC-EF5A8F3F53CF}.Release|Any CPU.Build.0 = Release|Any CPU
	EndGlobalSection
EndGlobal
